
Microsoft Visual Studio Solution File, Format Version 12.00
# Visual Studio Version 17
VisualStudioVersion = 17.3.32929.385
MinimumVisualStudioVersion = 10.0.40219.1
Project("{FAE04EC0-301F-11D3-BF4B-00C04F79EFBC}") = "main", "main\main.csproj", "{6DDB544B-0D4A-476A-9262-02B2A99AE13A}"
EndProject
Global
	GlobalSection(SolutionConfigurationPlatforms) = preSolution
		Debug|Any CPU = Debug|Any CPU
		Release|Any CPU = Release|Any CPU
	EndGlobalSection
	GlobalSection(ProjectConfigurationPlatforms) = postSolution
		{6DDB544B-0D4A-476A-9262-02B2A99AE13A}.Debug|Any CPU.ActiveCfg = Debug|Any CPU
		{6DDB544B-0D4A-476A-9262-02B2A99AE13A}.Debug|Any CPU.Build.0 = Debug|Any CPU
		{6DDB544B-0D4A-476A-9262-02B2A99AE13A}.Release|Any CPU.ActiveCfg = Release|Any CPU
		{6DDB544B-0D4A-476A-9262-02B2A99AE13A}.Release|Any CPU.Build.0 = Release|Any CPU
	EndGlobalSection
	GlobalSection(SolutionProperties) = preSolution
		HideSolutionNode = FALSE
	EndGlobalSection
	GlobalSection(ExtensibilityGlobals) = postSolution
		SolutionGuid = {6BD0F470-C176-49BE-8C55-F0CC14A794D7}
	EndGlobalSection
EndGlobal
